// !$*UTF8*$!
{
	archiveVersion = 1;
	classes = {
	};
	objectVersion = 50;
	objects = {

/* Begin PBXBuildFile section */
		463E5CBE20AA7F28007E169F /* AppDelegate.swift in Sources */ = {isa = PBXBuildFile; fileRef = 463E5CBD20AA7F28007E169F /* AppDelegate.swift */; };
		463E5CC020AA7F28007E169F /* ViewController.swift in Sources */ = {isa = PBXBuildFile; fileRef = 463E5CBF20AA7F28007E169F /* ViewController.swift */; };
		463E5CC320AA7F28007E169F /* Main.storyboard in Resources */ = {isa = PBXBuildFile; fileRef = 463E5CC120AA7F28007E169F /* Main.storyboard */; };
		463E5CC520AA7F29007E169F /* Assets.xcassets in Resources */ = {isa = PBXBuildFile; fileRef = 463E5CC420AA7F29007E169F /* Assets.xcassets */; };
		463E5CC820AA7F29007E169F /* LaunchScreen.storyboard in Resources */ = {isa = PBXBuildFile; fileRef = 463E5CC620AA7F29007E169F /* LaunchScreen.storyboard */; };
		463E5CD020AA7F54007E169F /* Renderer.swift in Sources */ = {isa = PBXBuildFile; fileRef = 463E5CCF20AA7F54007E169F /* Renderer.swift */; };
		463E5CD420AA80B9007E169F /* ShaderEncoder.swift in Sources */ = {isa = PBXBuildFile; fileRef = 463E5CD320AA80B9007E169F /* ShaderEncoder.swift */; };
/* End PBXBuildFile section */

/* Begin PBXFileReference section */
		463E5CBA20AA7F28007E169F /* MetalShaderTraining.app */ = {isa = PBXFileReference; explicitFileType = wrapper.application; includeInIndex = 0; path = MetalShaderTraining.app; sourceTree = BUILT_PRODUCTS_DIR; };
		463E5CBD20AA7F28007E169F /* AppDelegate.swift */ = {isa = PBXFileReference; lastKnownFileType = sourcecode.swift; path = AppDelegate.swift; sourceTree = "<group>"; };
		463E5CBF20AA7F28007E169F /* ViewController.swift */ = {isa = PBXFileReference; lastKnownFileType = sourcecode.swift; path = ViewController.swift; sourceTree = "<group>"; };
		463E5CC220AA7F28007E169F /* Base */ = {isa = PBXFileReference; lastKnownFileType = file.storyboard; name = Base; path = Base.lproj/Main.storyboard; sourceTree = "<group>"; };
		463E5CC420AA7F29007E169F /* Assets.xcassets */ = {isa = PBXFileReference; lastKnownFileType = folder.assetcatalog; path = Assets.xcassets; sourceTree = "<group>"; };
		463E5CC720AA7F29007E169F /* Base */ = {isa = PBXFileReference; lastKnownFileType = file.storyboard; name = Base; path = Base.lproj/LaunchScreen.storyboard; sourceTree = "<group>"; };
		463E5CC920AA7F29007E169F /* Info.plist */ = {isa = PBXFileReference; lastKnownFileType = text.plist.xml; path = Info.plist; sourceTree = "<group>"; };
		463E5CCF20AA7F54007E169F /* Renderer.swift */ = {isa = PBXFileReference; lastKnownFileType = sourcecode.swift; path = Renderer.swift; sourceTree = "<group>"; };
		463E5CD320AA80B9007E169F /* ShaderEncoder.swift */ = {isa = PBXFileReference; lastKnownFileType = sourcecode.swift; path = ShaderEncoder.swift; sourceTree = "<group>"; };
/* End PBXFileReference section */

/* Begin PBXFrameworksBuildPhase section */
		463E5CB720AA7F28007E169F /* Frameworks */ = {
			isa = PBXFrameworksBuildPhase;
			buildActionMask = 2147483647;
			files = (
			);
			runOnlyForDeploymentPostprocessing = 0;
		};
/* End PBXFrameworksBuildPhase section */

/* Begin PBXGroup section */
		463E5CB120AA7F28007E169F = {
			isa = PBXGroup;
			children = (
				463E5CBC20AA7F28007E169F /* MetalShaderTraining */,
				463E5CBB20AA7F28007E169F /* Products */,
			);
			sourceTree = "<group>";
		};
		463E5CBB20AA7F28007E169F /* Products */ = {
			isa = PBXGroup;
			children = (
				463E5CBA20AA7F28007E169F /* MetalShaderTraining.app */,
			);
			name = Products;
			sourceTree = "<group>";
		};
		463E5CBC20AA7F28007E169F /* MetalShaderTraining */ = {
			isa = PBXGroup;
			children = (
				463E5CD220AA8093007E169F /* Shader */,
				463E5CD120AA8088007E169F /* Renderer */,
				463E5CBD20AA7F28007E169F /* AppDelegate.swift */,
				463E5CBF20AA7F28007E169F /* ViewController.swift */,
				463E5CC120AA7F28007E169F /* Main.storyboard */,
				463E5CC420AA7F29007E169F /* Assets.xcassets */,
				463E5CC620AA7F29007E169F /* LaunchScreen.storyboard */,
				463E5CC920AA7F29007E169F /* Info.plist */,
			);
			path = MetalShaderTraining;
			sourceTree = "<group>";
		};
		463E5CD120AA8088007E169F /* Renderer */ = {
			isa = PBXGroup;
			children = (
				463E5CCF20AA7F54007E169F /* Renderer.swift */,
				463E5CD320AA80B9007E169F /* ShaderEncoder.swift */,
			);
			path = Renderer;
			sourceTree = "<group>";
		};
		463E5CD220AA8093007E169F /* Shader */ = {
			isa = PBXGroup;
			children = (
			);
			path = Shader;
			sourceTree = "<group>";
		};
/* End PBXGroup section */

/* Begin PBXNativeTarget section */
		463E5CB920AA7F28007E169F /* MetalShaderTraining */ = {
			isa = PBXNativeTarget;
			buildConfigurationList = 463E5CCC20AA7F29007E169F /* Build configuration list for PBXNativeTarget "MetalShaderTraining" */;
			buildPhases = (
				463E5CB620AA7F28007E169F /* Sources */,
				463E5CB720AA7F28007E169F /* Frameworks */,
				463E5CB820AA7F28007E169F /* Resources */,
			);
			buildRules = (
			);
			dependencies = (
			);
			name = MetalShaderTraining;
			productName = MetalShaderTraining;
			productReference = 463E5CBA20AA7F28007E169F /* MetalShaderTraining.app */;
			productType = "com.apple.product-type.application";
		};
/* End PBXNativeTarget section */

/* Begin PBXProject section */
		463E5CB220AA7F28007E169F /* Project object */ = {
			isa = PBXProject;
			attributes = {
				LastSwiftUpdateCheck = 0930;
				LastUpgradeCheck = 0930;
				ORGANIZATIONNAME = touyou;
				TargetAttributes = {
					463E5CB920AA7F28007E169F = {
						CreatedOnToolsVersion = 9.3;
					};
				};
			};
			buildConfigurationList = 463E5CB520AA7F28007E169F /* Build configuration list for PBXProject "MetalShaderTraining" */;
			compatibilityVersion = "Xcode 9.3";
			developmentRegion = en;
			hasScannedForEncodings = 0;
			knownRegions = (
				en,
				Base,
			);
			mainGroup = 463E5CB120AA7F28007E169F;
			productRefGroup = 463E5CBB20AA7F28007E169F /* Products */;
			projectDirPath = "";
			projectRoot = "";
			targets = (
				463E5CB920AA7F28007E169F /* MetalShaderTraining */,
			);
		};
/* End PBXProject section */

/* Begin PBXResourcesBuildPhase section */
		463E5CB820AA7F28007E169F /* Resources */ = {
			isa = PBXResourcesBuildPhase;
			buildActionMask = 2147483647;
			files = (
				463E5CC820AA7F29007E169F /* LaunchScreen.storyboard in Resources */,
				463E5CC520AA7F29007E169F /* Assets.xcassets in Resources */,
				463E5CC320AA7F28007E169F /* Main.storyboard in Resources */,
			);
			runOnlyForDeploymentPostprocessing = 0;
		};
/* End PBXResourcesBuildPhase section */

/* Begin PBXSourcesBuildPhase section */
		463E5CB620AA7F28007E169F /* Sources */ = {
			isa = PBXSourcesBuildPhase;
			buildActionMask = 2147483647;
			files = (
				463E5CC020AA7F28007E169F /* ViewController.swift in Sources */,
				463E5CD420AA80B9007E169F /* ShaderEncoder.swift in Sources */,
				463E5CD020AA7F54007E169F /* Renderer.swift in Sources */,
				463E5CBE20AA7F28007E169F /* AppDelegate.swift in Sources */,
			);
			runOnlyForDeploymentPostprocessing = 0;
		};
/* End PBXSourcesBuildPhase section */

/* Begin PBXVariantGroup section */
		463E5CC120AA7F28007E169F /* Main.storyboard */ = {
			isa = PBXVariantGroup;
			children = (
				463E5CC220AA7F28007E169F /* Base */,
			);
			name = Main.storyboard;
			sourceTree = "<group>";
		};
		463E5CC620AA7F29007E169F /* LaunchScreen.storyboard */ = {
			isa = PBXVariantGroup;
			children = (
				463E5CC720AA7F29007E169F /* Base */,
			);
			name = LaunchScreen.storyboard;
			sourceTree = "<group>";
		};
/* End PBXVariantGroup section */

/* Begin XCBuildConfiguration section */
		463E5CCA20AA7F29007E169F /* Debug */ = {
			isa = XCBuildConfiguration;
			buildSettings = {
				ALWAYS_SEARCH_USER_PATHS = NO;
				CLANG_ANALYZER_NONNULL = YES;
				CLANG_ANALYZER_NUMBER_OBJECT_CONVERSION = YES_AGGRESSIVE;
				CLANG_CXX_LANGUAGE_STANDARD = "gnu++14";
				CLANG_CXX_LIBRARY = "libc++";
				CLANG_ENABLE_MODULES = YES;
				CLANG_ENABLE_OBJC_ARC = YES;
				CLANG_ENABLE_OBJC_WEAK = YES;
				CLANG_WARN_BLOCK_CAPTURE_AUTORELEASING = YES;
				CLANG_WARN_BOOL_CONVERSION = YES;
				CLANG_WARN_COMMA = YES;
				CLANG_WARN_CONSTANT_CONVERSION = YES;
				CLANG_WARN_DEPRECATED_OBJC_IMPLEMENTATIONS = YES;
				CLANG_WARN_DIRECT_OBJC_ISA_USAGE = YES_ERROR;
				CLANG_WARN_DOCUMENTATION_COMMENTS = YES;
				CLANG_WARN_EMPTY_BODY = YES;
				CLANG_WARN_ENUM_CONVERSION = YES;
				CLANG_WARN_INFINITE_RECURSION = YES;
				CLANG_WARN_INT_CONVERSION = YES;
				CLANG_WARN_NON_LITERAL_NULL_CONVERSION = YES;
				CLANG_WARN_OBJC_IMPLICIT_RETAIN_SELF = YES;
				CLANG_WARN_OBJC_LITERAL_CONVERSION = YES;
				CLANG_WARN_OBJC_ROOT_CLASS = YES_ERROR;
				CLANG_WARN_RANGE_LOOP_ANALYSIS = YES;
				CLANG_WARN_STRICT_PROTOTYPES = YES;
				CLANG_WARN_SUSPICIOUS_MOVE = YES;
				CLANG_WARN_UNGUARDED_AVAILABILITY = YES_AGGRESSIVE;
				CLANG_WARN_UNREACHABLE_CODE = YES;
				CLANG_WARN__DUPLICATE_METHOD_MATCH = YES;
				CODE_SIGN_IDENTITY = "iPhone Developer";
				COPY_PHASE_STRIP = NO;
				DEBUG_INFORMATION_FORMAT = dwarf;
				ENABLE_STRICT_OBJC_MSGSEND = YES;
				ENABLE_TESTABILITY = YES;
				GCC_C_LANGUAGE_STANDARD = gnu11;
				GCC_DYNAMIC_NO_PIC = NO;
				GCC_NO_COMMON_BLOCKS = YES;
				GCC_OPTIMIZATION_LEVEL = 0;
				GCC_PREPROCESSOR_DEFINITIONS = (
					"DEBUG=1",
					"$(inherited)",
				);
				GCC_WARN_64_TO_32_BIT_CONVERSION = YES;
				GCC_WARN_ABOUT_RETURN_TYPE = YES_ERROR;
				GCC_WARN_UNDECLARED_SELECTOR = YES;
				GCC_WARN_UNINITIALIZED_AUTOS = YES_AGGRESSIVE;
				GCC_WARN_UNUSED_FUNCTION = YES;
				GCC_WARN_UNUSED_VARIABLE = YES;
				IPHONEOS_DEPLOYMENT_TARGET = 11.3;
				MTL_ENABLE_DEBUG_INFO = YES;
				ONLY_ACTIVE_ARCH = YES;
				SDKROOT = iphoneos;
				SWIFT_ACTIVE_COMPILATION_CONDITIONS = DEBUG;
				SWIFT_OPTIMIZATION_LEVEL = "-Onone";
			};
			name = Debug;
		};
		463E5CCB20AA7F29007E169F /* Release */ = {
			isa = XCBuildConfiguration;
			buildSettings = {
				ALWAYS_SEARCH_USER_PATHS = NO;
				CLANG_ANALYZER_NONNULL = YES;
				CLANG_ANALYZER_NUMBER_OBJECT_CONVERSION = YES_AGGRESSIVE;
				CLANG_CXX_LANGUAGE_STANDARD = "gnu++14";
				CLANG_CXX_LIBRARY = "libc++";
				CLANG_ENABLE_MODULES = YES;
				CLANG_ENABLE_OBJC_ARC = YES;
				CLANG_ENABLE_OBJC_WEAK = YES;
				CLANG_WARN_BLOCK_CAPTURE_AUTORELEASING = YES;
				CLANG_WARN_BOOL_CONVERSION = YES;
				CLANG_WARN_COMMA = YES;
				CLANG_WARN_CONSTANT_CONVERSION = YES;
				CLANG_WARN_DEPRECATED_OBJC_IMPLEMENTATIONS = YES;
				CLANG_WARN_DIRECT_OBJC_ISA_USAGE = YES_ERROR;
				CLANG_WARN_DOCUMENTATION_COMMENTS = YES;
				CLANG_WARN_EMPTY_BODY = YES;
				CLANG_WARN_ENUM_CONVERSION = YES;
				CLANG_WARN_INFINITE_RECURSION = YES;
				CLANG_WARN_INT_CONVERSION = YES;
				CLANG_WARN_NON_LITERAL_NULL_CONVERSION = YES;
				CLANG_WARN_OBJC_IMPLICIT_RETAIN_SELF = YES;
				CLANG_WARN_OBJC_LITERAL_CONVERSION = YES;
				CLANG_WARN_OBJC_ROOT_CLASS = YES_ERROR;
				CLANG_WARN_RANGE_LOOP_ANALYSIS = YES;
				CLANG_WARN_STRICT_PROTOTYPES = YES;
				CLANG_WARN_SUSPICIOUS_MOVE = YES;
				CLANG_WARN_UNGUARDED_AVAILABILITY = YES_AGGRESSIVE;
				CLANG_WARN_UNREACHABLE_CODE = YES;
				CLANG_WARN__DUPLICATE_METHOD_MATCH = YES;
				CODE_SIGN_IDENTITY = "iPhone Developer";
				COPY_PHASE_STRIP = NO;
				DEBUG_INFORMATION_FORMAT = "dwarf-with-dsym";
				ENABLE_NS_ASSERTIONS = NO;
				ENABLE_STRICT_OBJC_MSGSEND = YES;
				GCC_C_LANGUAGE_STANDARD = gnu11;
				GCC_NO_COMMON_BLOCKS = YES;
				GCC_WARN_64_TO_32_BIT_CONVERSION = YES;
				GCC_WARN_ABOUT_RETURN_TYPE = YES_ERROR;
				GCC_WARN_UNDECLARED_SELECTOR = YES;
				GCC_WARN_UNINITIALIZED_AUTOS = YES_AGGRESSIVE;
				GCC_WARN_UNUSED_FUNCTION = YES;
				GCC_WARN_UNUSED_VARIABLE = YES;
				IPHONEOS_DEPLOYMENT_TARGET = 11.3;
				MTL_ENABLE_DEBUG_INFO = NO;
				SDKROOT = iphoneos;
				SWIFT_COMPILATION_MODE = wholemodule;
				SWIFT_OPTIMIZATION_LEVEL = "-O";
				VALIDATE_PRODUCT = YES;
			};
			name = Release;
		};
		463E5CCD20AA7F29007E169F /* Debug */ = {
			isa = XCBuildConfiguration;
			buildSettings = {
				ASSETCATALOG_COMPILER_APPICON_NAME = AppIcon;
				CODE_SIGN_STYLE = Automatic;
				DEVELOPMENT_TEAM = B4S4333JDW;
				INFOPLIST_FILE = MetalShaderTraining/Info.plist;
				LD_RUNPATH_SEARCH_PATHS = (
					"$(inherited)",
					"@executable_path/Frameworks",
				);
				PRODUCT_BUNDLE_IDENTIFIER = com.dev.touyou.MetalShaderTraining;
				PRODUCT_NAME = "$(TARGET_NAME)";
				SWIFT_VERSION = 4.0;
				TARGETED_DEVICE_FAMILY = "1,2";
			};
			name = Debug;
		};
		463E5CCE20AA7F29007E169F /* Release */ = {
			isa = XCBuildConfiguration;
			buildSettings = {
				ASSETCATALOG_COMPILER_APPICON_NAME = AppIcon;
				CODE_SIGN_STYLE = Automatic;
				DEVELOPMENT_TEAM = B4S4333JDW;
				INFOPLIST_FILE = MetalShaderTraining/Info.plist;
				LD_RUNPATH_SEARCH_PATHS = (
					"$(inherited)",
					"@executable_path/Frameworks",
				);
				PRODUCT_BUNDLE_IDENTIFIER = com.dev.touyou.MetalShaderTraining;
				PRODUCT_NAME = "$(TARGET_NAME)";
				SWIFT_VERSION = 4.0;
				TARGETED_DEVICE_FAMILY = "1,2";
			};
			name = Release;
		};
/* End XCBuildConfiguration section */

/* Begin XCConfigurationList section */
		463E5CB520AA7F28007E169F /* Build configuration list for PBXProject "MetalShaderTraining" */ = {
			isa = XCConfigurationList;
			buildConfigurations = (
				463E5CCA20AA7F29007E169F /* Debug */,
				463E5CCB20AA7F29007E169F /* Release */,
			);
			defaultConfigurationIsVisible = 0;
			defaultConfigurationName = Release;
		};
		463E5CCC20AA7F29007E169F /* Build configuration list for PBXNativeTarget "MetalShaderTraining" */ = {
			isa = XCConfigurationList;
			buildConfigurations = (
				463E5CCD20AA7F29007E169F /* Debug */,
				463E5CCE20AA7F29007E169F /* Release */,
			);
			defaultConfigurationIsVisible = 0;
			defaultConfigurationName = Release;
		};
/* End XCConfigurationList section */
	};
	rootObject = 463E5CB220AA7F28007E169F /* Project object */;
}
